
Microsoft Visual Studio Solution File, Format Version 12.00
# Visual Studio Version 16
VisualStudioVersion = 16.0.31624.102
MinimumVisualStudioVersion = 10.0.40219.1
Project("{FAE04EC0-301F-11D3-BF4B-00C04F79EFBC}") = "P2-AP1-Alvaro-20190269", "P2-AP1-Alvaro-20190269.csproj", "{4CCF89FA-DBC0-4E50-839B-835697255E98}"
EndProject
Global
	GlobalSection(SolutionConfigurationPlatforms) = preSolution
		Debug|Any CPU = Debug|Any CPU
		Release|Any CPU = Release|Any CPU
	EndGlobalSection
	GlobalSection(ProjectConfigurationPlatforms) = postSolution
		{4CCF89FA-DBC0-4E50-839B-835697255E98}.Debug|Any CPU.ActiveCfg = Debug|Any CPU
		{4CCF89FA-DBC0-4E50-839B-835697255E98}.Debug|Any CPU.Build.0 = Debug|Any CPU
		{4CCF89FA-DBC0-4E50-839B-835697255E98}.Release|Any CPU.ActiveCfg = Release|Any CPU
		{4CCF89FA-DBC0-4E50-839B-835697255E98}.Release|Any CPU.Build.0 = Release|Any CPU
	EndGlobalSection
	GlobalSection(SolutionProperties) = preSolution
		HideSolutionNode = FALSE
	EndGlobalSection
	GlobalSection(ExtensibilityGlobals) = postSolution
		SolutionGuid = {31ACAF21-7F4D-45D4-B98B-9C5DFC809BCB}
	EndGlobalSection
EndGlobal
